
Microsoft Visual Studio Solution File, Format Version 12.00
# Visual Studio 15
VisualStudioVersion = 15.0.28307.645
MinimumVisualStudioVersion = 10.0.40219.1
Project("{8BC9CEB8-8B4A-11D0-8D11-00A0C91BC942}") = "TBSG", "TBSG\TBSG.vcxproj", "{90FB3F8F-61CA-440E-9FBC-758DA1F48901}"
	ProjectSection(ProjectDependencies) = postProject
		{15DEC877-A509-4F05-8FCB-40F7B8A86A5C} = {15DEC877-A509-4F05-8FCB-40F7B8A86A5C}
		{0E2CB1A2-33E0-4E1C-AD8B-1E900D4070D0} = {0E2CB1A2-33E0-4E1C-AD8B-1E900D4070D0}
		{5CC0B0CB-D6CD-4DF0-A100-14061DB3F550} = {5CC0B0CB-D6CD-4DF0-A100-14061DB3F550}
	EndProjectSection
EndProject
Project("{8BC9CEB8-8B4A-11D0-8D11-00A0C91BC942}") = "DirectXTex", "external\DirectXTex\DirectXTex.vcxproj", "{270BCB47-1AA0-4D85-B529-DE2CBD090A40}"
EndProject
Project("{8BC9CEB8-8B4A-11D0-8D11-00A0C91BC942}") = "TBSGFramework", "TBSGFramework\TBSGFramework.vcxproj", "{15DEC877-A509-4F05-8FCB-40F7B8A86A5C}"
	ProjectSection(ProjectDependencies) = postProject
		{5CC0B0CB-D6CD-4DF0-A100-14061DB3F550} = {5CC0B0CB-D6CD-4DF0-A100-14061DB3F550}
	EndProjectSection
EndProject
Project("{8BC9CEB8-8B4A-11D0-8D11-00A0C91BC942}") = "NetworkLib", "NetworkLib\NetworkLib.vcxproj", "{5CC0B0CB-D6CD-4DF0-A100-14061DB3F550}"
	ProjectSection(ProjectDependencies) = postProject
		{7844931E-A687-4FA0-B910-6E420177075E} = {7844931E-A687-4FA0-B910-6E420177075E}
	EndProjectSection
EndProject
Project("{8BC9CEB8-8B4A-11D0-8D11-00A0C91BC942}") = "GameServer", "GameServer\GameServer.vcxproj", "{1454FFFF-370F-4D76-94FF-4880FA8B3A4A}"
	ProjectSection(ProjectDependencies) = postProject
		{7844931E-A687-4FA0-B910-6E420177075E} = {7844931E-A687-4FA0-B910-6E420177075E}
		{1AC1A24B-61DD-4359-B3BA-27AD0CA62658} = {1AC1A24B-61DD-4359-B3BA-27AD0CA62658}
		{15DEC877-A509-4F05-8FCB-40F7B8A86A5C} = {15DEC877-A509-4F05-8FCB-40F7B8A86A5C}
		{0E2CB1A2-33E0-4E1C-AD8B-1E900D4070D0} = {0E2CB1A2-33E0-4E1C-AD8B-1E900D4070D0}
		{5CC0B0CB-D6CD-4DF0-A100-14061DB3F550} = {5CC0B0CB-D6CD-4DF0-A100-14061DB3F550}
	EndProjectSection
EndProject
Project("{8BC9CEB8-8B4A-11D0-8D11-00A0C91BC942}") = "BasicLogger", "external\basiclogger\BasicLogger.vcxproj", "{7844931E-A687-4FA0-B910-6E420177075E}"
EndProject
Project("{8BC9CEB8-8B4A-11D0-8D11-00A0C91BC942}") = "ptl", "external\ptl\ptl.vcxproj", "{0E2CB1A2-33E0-4E1C-AD8B-1E900D4070D0}"
EndProject
Project("{8BC9CEB8-8B4A-11D0-8D11-00A0C91BC942}") = "LuaValidator", "tools\LuaValidator\LuaValidator.vcxproj", "{8342F48B-3C3F-4DC7-A3EB-1A10114F32D5}"
EndProject
Project("{8BC9CEB8-8B4A-11D0-8D11-00A0C91BC942}") = "LobbyServer", "LobbyServer\LobbyServer.vcxproj", "{9200514A-5A7F-40CF-A993-53E145B3F99C}"
	ProjectSection(ProjectDependencies) = postProject
		{7844931E-A687-4FA0-B910-6E420177075E} = {7844931E-A687-4FA0-B910-6E420177075E}
		{1AC1A24B-61DD-4359-B3BA-27AD0CA62658} = {1AC1A24B-61DD-4359-B3BA-27AD0CA62658}
		{15DEC877-A509-4F05-8FCB-40F7B8A86A5C} = {15DEC877-A509-4F05-8FCB-40F7B8A86A5C}
		{0E2CB1A2-33E0-4E1C-AD8B-1E900D4070D0} = {0E2CB1A2-33E0-4E1C-AD8B-1E900D4070D0}
		{5CC0B0CB-D6CD-4DF0-A100-14061DB3F550} = {5CC0B0CB-D6CD-4DF0-A100-14061DB3F550}
	EndProjectSection
EndProject
Project("{8BC9CEB8-8B4A-11D0-8D11-00A0C91BC942}") = "DatabaseAPI", "DatabaseAPI\DatabaseAPI.vcxproj", "{1AC1A24B-61DD-4359-B3BA-27AD0CA62658}"
	ProjectSection(ProjectDependencies) = postProject
		{7844931E-A687-4FA0-B910-6E420177075E} = {7844931E-A687-4FA0-B910-6E420177075E}
		{0E2CB1A2-33E0-4E1C-AD8B-1E900D4070D0} = {0E2CB1A2-33E0-4E1C-AD8B-1E900D4070D0}
		{5CC0B0CB-D6CD-4DF0-A100-14061DB3F550} = {5CC0B0CB-D6CD-4DF0-A100-14061DB3F550}
	EndProjectSection
EndProject
Project("{8BC9CEB8-8B4A-11D0-8D11-00A0C91BC942}") = "Enet", "external\Enet\Enet.vcxproj", "{5FC90C46-3A47-408A-922C-97A7BE1D609E}"
EndProject
Global
	GlobalSection(SolutionConfigurationPlatforms) = preSolution
		Debug|x64 = Debug|x64
		Release|x64 = Release|x64
	EndGlobalSection
	GlobalSection(ProjectConfigurationPlatforms) = postSolution
		{90FB3F8F-61CA-440E-9FBC-758DA1F48901}.Debug|x64.ActiveCfg = Debug|x64
		{90FB3F8F-61CA-440E-9FBC-758DA1F48901}.Debug|x64.Build.0 = Debug|x64
		{90FB3F8F-61CA-440E-9FBC-758DA1F48901}.Release|x64.ActiveCfg = Debug|x64
		{90FB3F8F-61CA-440E-9FBC-758DA1F48901}.Release|x64.Build.0 = Debug|x64
		{270BCB47-1AA0-4D85-B529-DE2CBD090A40}.Debug|x64.ActiveCfg = Debug|x64
		{270BCB47-1AA0-4D85-B529-DE2CBD090A40}.Debug|x64.Build.0 = Debug|x64
		{270BCB47-1AA0-4D85-B529-DE2CBD090A40}.Release|x64.ActiveCfg = Debug|x64
		{270BCB47-1AA0-4D85-B529-DE2CBD090A40}.Release|x64.Build.0 = Release|x64
		{15DEC877-A509-4F05-8FCB-40F7B8A86A5C}.Debug|x64.ActiveCfg = Debug|x64
		{15DEC877-A509-4F05-8FCB-40F7B8A86A5C}.Debug|x64.Build.0 = Debug|x64
		{15DEC877-A509-4F05-8FCB-40F7B8A86A5C}.Release|x64.ActiveCfg = Debug|x64
		{15DEC877-A509-4F05-8FCB-40F7B8A86A5C}.Release|x64.Build.0 = Debug|x64
		{5CC0B0CB-D6CD-4DF0-A100-14061DB3F550}.Debug|x64.ActiveCfg = Debug|x64
		{5CC0B0CB-D6CD-4DF0-A100-14061DB3F550}.Debug|x64.Build.0 = Debug|x64
		{5CC0B0CB-D6CD-4DF0-A100-14061DB3F550}.Release|x64.ActiveCfg = Debug|x64
		{5CC0B0CB-D6CD-4DF0-A100-14061DB3F550}.Release|x64.Build.0 = Debug|x64
		{1454FFFF-370F-4D76-94FF-4880FA8B3A4A}.Debug|x64.ActiveCfg = Debug|x64
		{1454FFFF-370F-4D76-94FF-4880FA8B3A4A}.Debug|x64.Build.0 = Debug|x64
		{1454FFFF-370F-4D76-94FF-4880FA8B3A4A}.Release|x64.ActiveCfg = Debug|x64
		{1454FFFF-370F-4D76-94FF-4880FA8B3A4A}.Release|x64.Build.0 = Debug|x64
		{7844931E-A687-4FA0-B910-6E420177075E}.Debug|x64.ActiveCfg = Debug|x64
		{7844931E-A687-4FA0-B910-6E420177075E}.Debug|x64.Build.0 = Debug|x64
		{7844931E-A687-4FA0-B910-6E420177075E}.Release|x64.ActiveCfg = Debug|x64
		{7844931E-A687-4FA0-B910-6E420177075E}.Release|x64.Build.0 = Debug|x64
		{0E2CB1A2-33E0-4E1C-AD8B-1E900D4070D0}.Debug|x64.ActiveCfg = Debug|x64
		{0E2CB1A2-33E0-4E1C-AD8B-1E900D4070D0}.Debug|x64.Build.0 = Debug|x64
		{0E2CB1A2-33E0-4E1C-AD8B-1E900D4070D0}.Release|x64.ActiveCfg = Debug|x64
		{0E2CB1A2-33E0-4E1C-AD8B-1E900D4070D0}.Release|x64.Build.0 = Debug|x64
		{8342F48B-3C3F-4DC7-A3EB-1A10114F32D5}.Debug|x64.ActiveCfg = Debug|x64
		{8342F48B-3C3F-4DC7-A3EB-1A10114F32D5}.Debug|x64.Build.0 = Debug|x64
		{8342F48B-3C3F-4DC7-A3EB-1A10114F32D5}.Release|x64.ActiveCfg = Debug|x64
		{8342F48B-3C3F-4DC7-A3EB-1A10114F32D5}.Release|x64.Build.0 = Debug|x64
		{9200514A-5A7F-40CF-A993-53E145B3F99C}.Debug|x64.ActiveCfg = Debug|x64
		{9200514A-5A7F-40CF-A993-53E145B3F99C}.Debug|x64.Build.0 = Debug|x64
		{9200514A-5A7F-40CF-A993-53E145B3F99C}.Release|x64.ActiveCfg = Debug|x64
		{9200514A-5A7F-40CF-A993-53E145B3F99C}.Release|x64.Build.0 = Debug|x64
		{1AC1A24B-61DD-4359-B3BA-27AD0CA62658}.Debug|x64.ActiveCfg = Debug|x64
		{1AC1A24B-61DD-4359-B3BA-27AD0CA62658}.Debug|x64.Build.0 = Debug|x64
		{1AC1A24B-61DD-4359-B3BA-27AD0CA62658}.Release|x64.ActiveCfg = Debug|x64
		{1AC1A24B-61DD-4359-B3BA-27AD0CA62658}.Release|x64.Build.0 = Debug|x64
		{5FC90C46-3A47-408A-922C-97A7BE1D609E}.Debug|x64.ActiveCfg = Debug|x64
		{5FC90C46-3A47-408A-922C-97A7BE1D609E}.Debug|x64.Build.0 = Debug|x64
		{5FC90C46-3A47-408A-922C-97A7BE1D609E}.Release|x64.ActiveCfg = Debug|x64
		{5FC90C46-3A47-408A-922C-97A7BE1D609E}.Release|x64.Build.0 = Debug|x64
	EndGlobalSection
	GlobalSection(SolutionProperties) = preSolution
		HideSolutionNode = FALSE
	EndGlobalSection
	GlobalSection(ExtensibilityGlobals) = postSolution
		SolutionGuid = {11EDDB0C-173A-419E-B9D9-31987BD2F005}
	EndGlobalSection
EndGlobal
