<?xml version="1.0" encoding="utf-8"?>
<Project ToolsVersion="4.0" xmlns="http://schemas.microsoft.com/developer/msbuild/2003">
  <ItemGroup>
    <FxCompile Include="data\Shaders\Unified\ParticleShader_p.hlsl" />
    <FxCompile Include="data\Shaders\Unified\ParticleShader_v.hlsl" />
    <FxCompile Include="data\Shaders\Unified\SkyboxShader_p.hlsl" />
    <FxCompile Include="data\Shaders\Unified\SkyboxShader_v.hlsl" />
    <FxCompile Include="data\Shaders\Unified\UIOverlayShader_p.hlsl" />
    <FxCompile Include="data\Shaders\Unified\UIOverlayShader_v.hlsl" />
    <FxCompile Include="data\Shaders\Unified\Vignette_p.hlsl" />
    <FxCompile Include="data\Shaders\Unified\Vignette_v.hlsl" />
    <FxCompile Include="data\Shaders\HLSL\GenerateMips_CS.hlsl" />
    <FxCompile Include="data\Shaders\HLSL\PanoToCubemap_CS.hlsl" />
    <FxCompile Include="data\Shaders\HLSL\PixelShader_p.hlsl" />
    <FxCompile Include="data\Shaders\HLSL\VertexShader_v.hlsl" />
    <FxCompile Include="data\Shaders\Unified\ForwardPass_p.hlsl" />
    <FxCompile Include="data\Shaders\Unified\ForwardPass_v.hlsl" />
    <FxCompile Include="data\Shaders\Unified\Bloom_v.hlsl" />
    <FxCompile Include="data\Shaders\Unified\Blur_c.hlsl" />
    <FxCompile Include="data\Shaders\Unified\Bloom_p.hlsl" />
  </ItemGroup>
  <ItemGroup>
    <ClCompile Include="src\audio\AudioSystem.cpp" />
    <ClCompile Include="src\core\Config.cpp" />
    <ClCompile Include="src\core\DeltaTime.cpp" />
    <ClCompile Include="src\core\Input.cpp" />
    <ClCompile Include="src\core\StrHash.cpp" />
    <ClCompile Include="src\gameplay\GamePlayHelper.cpp" />
    <ClCompile Include="src\gameplay\scripting\LuaContext.cpp" />
    <ClCompile Include="src\IApplication.cpp" />
    <ClCompile Include="src\initial.cpp" />
    <ClCompile Include="src\net\WebRequestPC.cpp" />
    <ClCompile Include="src\net\WebRequestPS4.cpp" />
    <ClCompile Include="src\rendering\dx\DX12LibPCH.cpp" />
    <ClCompile Include="src\rendering\dx\DX12Material.cpp" />
    <ClCompile Include="src\rendering\Camera.cpp" />
    <ClCompile Include="src\rendering\dx\DX12Application.cpp" />
    <ClCompile Include="src\rendering\dx\Buffer.cpp" />
    <ClCompile Include="src\rendering\dx\ByteAddressBuffer.cpp" />
    <ClCompile Include="src\rendering\dx\CommandList.cpp" />
    <ClCompile Include="src\rendering\dx\CommandQueue.cpp" />
    <ClCompile Include="src\rendering\dx\ConstantBuffer.cpp" />
    <ClCompile Include="src\rendering\dx\DescriptorAllocation.cpp" />
    <ClCompile Include="src\rendering\dx\DescriptorAllocator.cpp" />
    <ClCompile Include="src\rendering\dx\DescriptorAllocatorPage.cpp" />
    <ClCompile Include="src\rendering\dx\DX12DebugRenderer.cpp" />
    <ClCompile Include="src\rendering\dx\DX12IUIRenderer.cpp" />
    <ClCompile Include="src\rendering\dx\DX12Mesh.cpp" />
    <ClCompile Include="src\rendering\dx\DX12Renderer.cpp" />
    <ClCompile Include="src\rendering\dx\DX12ResourceManager.cpp" />
    <ClCompile Include="src\rendering\dx\DX12Shader.cpp" />
    <ClCompile Include="src\rendering\dx\DX12TextRenderer.cpp" />
    <ClCompile Include="src\rendering\dx\DX12UIPanelRenderer.cpp" />
    <ClCompile Include="src\rendering\dx\DX12UIRenderer.cpp" />
    <ClCompile Include="src\rendering\dx\DxParticleRenderer.cpp" />
    <ClCompile Include="src\rendering\dx\DynamicDescriptorHeap.cpp" />
    <ClCompile Include="src\rendering\dx\GenerateMipsPSO.cpp" />
    <ClCompile Include="src\rendering\dx\HighResolutionClock.cpp" />
    <ClCompile Include="src\rendering\dx\IndexBuffer.cpp" />
    <ClCompile Include="src\rendering\dx\DirectXShapeMesh.cpp" />
    <ClCompile Include="src\rendering\dx\PanoToCubemapPSO.cpp" />
    <ClCompile Include="src\rendering\dx\RenderTarget.cpp" />
    <ClCompile Include="src\rendering\dx\render_passes\DxForwardPass.cpp" />
    <ClCompile Include="src\rendering\dx\render_passes\DxMipmapPass.cpp" />
    <ClCompile Include="src\rendering\gnm\PS4ParticleRenderer.cpp" />
    <ClCompile Include="src\rendering\gnm\RenderPasses\PS4ParticlePass.cpp" />
    <ClCompile Include="src\rendering\gnm\RenderPasses\PS4SkyboxPass.cpp" />
    <ClCompile Include="src\rendering\dx\render_passes\DxSkyboxPass.cpp" />
    <ClCompile Include="src\rendering\dx\render_passes\DxVignettePass.cpp" />
    <ClCompile Include="src\rendering\dx\Resource.cpp" />
    <ClCompile Include="src\rendering\dx\ResourceStateTracker.cpp" />
    <ClCompile Include="src\rendering\dx\RootSignature.cpp" />
    <ClCompile Include="src\rendering\dx\StructuredBuffer.cpp" />
    <ClCompile Include="src\rendering\dx\Texture.cpp" />
    <ClCompile Include="src\rendering\dx\UploadBuffer.cpp" />
    <ClCompile Include="src\rendering\dx\VertexBuffer.cpp" />
    <ClCompile Include="src\rendering\dx\Window.cpp" />
    <ClCompile Include="src\rendering\GeometricShapes.cpp" />
    <ClCompile Include="src\rendering\IParticleRenderer.cpp" />
    <ClCompile Include="src\rendering\IUIRenderer.cpp" />
    <ClCompile Include="src\resource_loading\ArgumentParsing.cpp" />
    <ClCompile Include="src\resource_loading\ConfigLoader.cpp" />
    <ClCompile Include="src\resource_loading\EULALoader.cpp" />
    <ClCompile Include="src\resource_loading\GLTFLoader.cpp" />
    <ClCompile Include="src\resource_loading\ParticleParser.cpp" />
    <ClCompile Include="src\resource_loading\RestApiParsing.cpp" />
    <ClCompile Include="src\resource_loading\TtfHeaderParser.cpp" />
    <ClCompile Include="src\resource_loading\UILoader.cpp" />
    <ClCompile Include="src\ui\easing.cpp" />
    <ClCompile Include="src\ui\UIElement.cpp" />
    <ClCompile Include="src\ui\UIStack.cpp" />
    <ClCompile Include="src\ui\UIImage.cpp" />
    <ClCompile Include="src\ui\UIText.cpp" />
    <ClCompile Include="src\ui\UISystem.cpp" />
    <ClCompile Include="src\resource_loading\ArgumentParsing.cpp" />
    <ClCompile Include="src\audio\AudioSystem.cpp" />
    <ClCompile Include="src\gameplay\GamePlayHelper.cpp" />
    <ClCompile Include="src\rendering\dx\render_passes\DxSkyboxPass.cpp" />
    <ClCompile Include="src\rendering\dx\render_passes\DxForwardPass.cpp" />
    <ClCompile Include="src\rendering\IParticleRenderer.cpp" />
    <ClCompile Include="src\rendering\dx\render_passes\DxVignettePass.cpp" />
    <ClCompile Include="src\net\WebRequestPC.cpp" />
    <ClCompile Include="src\net\WebRequestPS4.cpp" />
    <ClCompile Include="src\rendering\dx\DxParticleRenderer.cpp" />
    <ClCompile Include="src\resource_loading\ParticleParser.cpp" />
    <ClCompile Include="src\core\DeltaTime.cpp" />
    <ClCompile Include="src\resource_loading\RestApiParsing.cpp" />
    <ClCompile Include="src\resource_loading\TtfHeaderParser.cpp" />
    <ClCompile Include="src\rendering\dx\render_passes\DxMipmapPass.cpp" />
    <ClCompile Include="src\ui\easing.cpp" />
    <ClCompile Include="src\ui\UITransition.cpp" />
    <ClCompile Include="src\rendering\dx\render_passes\DxBlurPass.cpp" />
    <ClCompile Include="src\rendering\dx\render_passes\DxMergeBloomMipsPass.cpp" />
    <ClCompile Include="src\rendering\dx\render_passes\ParticlePass.cpp" />
  </ItemGroup>
  <ItemGroup>
    <ClInclude Include="include\audio\AudioSystem.h" />
    <ClInclude Include="include\core\ConceptCompatibility.h" />
    <ClInclude Include="include\core\HashCombine.h" />
    <ClInclude Include="include\core\meta\LobbyEntity.h" />
    <ClInclude Include="include\core\meta\TypeTraitExtensions.h" />
    <ClInclude Include="include\core\RefCounted.h" />
    <ClInclude Include="include\core\StringUtils.h" />
    <ClInclude Include="include\core\Tree.h" />
    <ClInclude Include="include\core\DeltaTime.h" />
    <ClInclude Include="include\gameplay\GamePlayHelper.h" />
    <ClInclude Include="include\gameplay\MatchProfileType.h" />
    <ClInclude Include="include\net\GameCommands.h" />
    <ClInclude Include="include\net\WebRequestHelper.h" />
    <ClInclude Include="include\net\WebRequestPC.h" />
    <ClInclude Include="include\net\WebRequestPS4.h" />
    <ClInclude Include="include\rendering\dx\DX12_Lights.h" />
    <ClInclude Include="include\rendering\dx\DxParticleRenderer.h" />
    <ClInclude Include="include\rendering\dx\render_passes\DxForwardPass.h" />
    <ClInclude Include="include\rendering\dx\render_passes\DxMipmapPass.h" />
    <ClInclude Include="include\rendering\dx\render_passes\DxSkyboxPass.h" />
    <ClInclude Include="include\rendering\dx\render_passes\DxVignettePass.h" />
    <ClInclude Include="include\rendering\shader_headers\ParticleShaderBuffers.h" />
    <ClInclude Include="include\rendering\shader_headers\SkyboxBuffers.h" />
    <ClInclude Include="include\rendering\shader_headers\UIOverlayShaderBuffers.h" />
    <ClInclude Include="include\rendering\unified_shader_passes\ParticlePass.h" />
    <ClInclude Include="include\rendering\shader_headers\BloomShaderBuffers.h" />
    <ClInclude Include="include\rendering\shader_headers\BlurShaderBuffers.h" />
    <ClInclude Include="include\rendering\shader_headers\MipMapShaderBuffers.h" />
    <ClInclude Include="include\rendering\shader_headers\VignetteShaderBuffers.h" />
    <ClInclude Include="include\rendering\IParticleRenderer.h" />
    <ClInclude Include="include\rendering\Lights.h" />
    <ClInclude Include="include\net\LobbyCommands.h" />
    <ClInclude Include="include\core\Assertion.h" />
    <ClInclude Include="include\core\ByteType.h" />
    <ClInclude Include="include\core\Config.h" />
    <ClInclude Include="include\core\Defines.h" />
    <ClInclude Include="include\core\Input.h" />
    <ClInclude Include="include\core\StrHash.h" />
    <ClInclude Include="include\gameplay\scripting\LuaContext.h" />
    <ClInclude Include="include\gameplay\scripting\LuaContextHelper.h" />
    <ClInclude Include="include\IApplication.h" />
    <ClInclude Include="include\Initial.h" />
    <ClInclude Include="include\rendering\dx\DX12Material.h" />
    <ClInclude Include="include\rendering\Camera.h" />
    <ClInclude Include="include\rendering\dx\DX12Application.h" />
    <ClInclude Include="include\rendering\dx\Buffer.h" />
    <ClInclude Include="include\rendering\dx\ByteAddressBuffer.h" />
    <ClInclude Include="include\rendering\dx\CommandList.h" />
    <ClInclude Include="include\rendering\dx\CommandQueue.h" />
    <ClInclude Include="include\rendering\dx\ConstantBuffer.h" />
    <ClInclude Include="include\rendering\dx\Defines.h" />
    <ClInclude Include="include\rendering\dx\DescriptorAllocation.h" />
    <ClInclude Include="include\rendering\dx\DescriptorAllocator.h" />
    <ClInclude Include="include\rendering\dx\DescriptorAllocatorPage.h" />
    <ClInclude Include="include\rendering\dx\DX12DebugRenderer.h" />
    <ClInclude Include="include\rendering\dx\DX12LibPCH.h" />
    <ClInclude Include="include\rendering\dx\DX12Mesh.h" />
    <ClInclude Include="include\rendering\dx\DX12Renderable.h" />
    <ClInclude Include="include\rendering\dx\DX12Renderer.h" />
    <ClInclude Include="include\rendering\dx\DX12ResourceManager.h" />
    <ClInclude Include="include\rendering\dx\DX12Shader.h" />
    <ClInclude Include="include\rendering\dx\DX12TextRenderer.h" />
    <ClInclude Include="include\rendering\dx\DX12UIPanelRenderer.h" />
    <ClInclude Include="include\rendering\dx\DX12UIRenderer.h" />
    <ClInclude Include="include\rendering\dx\DynamicDescriptorHeap.h" />
    <ClInclude Include="include\rendering\dx\Events.h" />
    <ClInclude Include="include\rendering\dx\GenerateMipsPSO.h" />
    <ClInclude Include="include\rendering\dx\Helpers.h" />
    <ClInclude Include="include\rendering\dx\HighResolutionClock.h" />
    <ClInclude Include="include\rendering\dx\IndexBuffer.h" />
    <ClInclude Include="include\rendering\dx\KeyCodes.h" />
    <ClInclude Include="include\rendering\dx\DirectXShapeMesh.h" />
    <ClInclude Include="include\rendering\dx\PanoToCubemapPSO.h" />
    <ClInclude Include="include\rendering\dx\RenderTarget.h" />
    <ClInclude Include="include\rendering\dx\Resource.h" />
    <ClInclude Include="include\rendering\dx\ResourceStateTracker.h" />
    <ClInclude Include="include\rendering\dx\RootSignature.h" />
    <ClInclude Include="include\rendering\dx\StructuredBuffer.h" />
    <ClInclude Include="include\rendering\dx\Texture.h" />
    <ClInclude Include="include\rendering\dx\ThreadSafeQueue.h" />
    <ClInclude Include="include\rendering\dx\UploadBuffer.h" />
    <ClInclude Include="include\rendering\dx\VertexBuffer.h" />
    <ClInclude Include="include\rendering\dx\Window.h" />
    <ClInclude Include="include\rendering\GeometricShapes.h" />
    <ClInclude Include="include\rendering\IUIRenderer.h" />
    <ClInclude Include="include\rendering\gnm\PS4Lights.h" />
    <ClInclude Include="include\rendering\Material.h" />
    <ClInclude Include="include\rendering\Mesh.h" />
    <ClInclude Include="include\rendering\IDebugRenderer.h" />
    <ClInclude Include="include\rendering\IRenderer.h" />
    <ClInclude Include="include\rendering\IResourceManager.h" />
    <ClInclude Include="include\rendering\dx\d3dx12\d3dx12.h" />
    <ClInclude Include="include\rendering\dx\TextureUsage.h" />
    <ClInclude Include="include\rendering\ParticleEmitter.h" />
    <ClInclude Include="include\rendering\Renderable.h" />
    <ClInclude Include="include\rendering\RenderPass.h" />
    <ClInclude Include="include\rendering\ResourceIds.h" />
    <ClInclude Include="include\rendering\Shader.h" />
    <ClInclude Include="include\rendering\shader_headers\DefaultShaderBuffers.h" />
    <ClInclude Include="include\rendering\shader_headers\ShaderDefines.h" />
    <ClInclude Include="include\rendering\shader_headers\ShaderStructs.h" />
    <ClInclude Include="include\rendering\Texture.h" />
    <ClInclude Include="include\RenderPass.h" />
    <ClInclude Include="include\resource_loading\ArgumentParsing.h" />
    <ClInclude Include="include\resource_loading\ConfigLoader.h" />
    <ClInclude Include="include\resource_loading\EULALoader.h" />
    <ClInclude Include="include\resource_loading\GLTFLoader.h" />
    <ClInclude Include="include\resource_loading\ParticleParser.h" />
    <ClInclude Include="include\resource_loading\RestApiParsing.h" />
    <ClInclude Include="include\resource_loading\TtfHeaderParser.h" />
    <ClInclude Include="include\resource_loading\UILoader.h" />
    <ClInclude Include="include\scene\SceneGraph.h" />
    <ClInclude Include="include\ui\easing.h" />
    <ClInclude Include="include\ui\UIElement.h" />
    <ClInclude Include="include\ui\UIImage.h" />
    <ClInclude Include="include\ui\UIStack.h" />
    <ClInclude Include="include\ui\UISystem.h" />
    <ClInclude Include="include\ui\UIText.h" />
    <ClInclude Include="include\ui\UISystemInterface.h" />
    <ClInclude Include="include\core\LibLoading.h" />
    <ClInclude Include="include\ui\UITransition.h" />
    <ClInclude Include="include\gameplay\MatchProfileType.h" />
    <ClInclude Include="include\resource.h" />
    <ClInclude Include="include\rendering\dx\render_passes\DxBlurPass.h" />
    <ClInclude Include="include\rendering\dx\render_passes\DxMergeBloomMipsPass.h" />
    <ClInclude Include="include\gameplay\Transform.h" />
    <ClInclude Include="include\net\Servers.h" />
  </ItemGroup>
  <ItemGroup>
    <Image Include="data\Icon\app_icon.ico" />
  </ItemGroup>
  <ItemGroup>
    <None Include="extras\TBSG Dependencies.props" />
    <None Include="extras\TBSG WINDOWS Dependencies.props" />
  </ItemGroup>
  <ItemGroup>
    <Text Include="data\Shaders\Unified\MipMap_c.hlsl" />
  </ItemGroup>
</Project>